
Microsoft Visual Studio Solution File, Format Version 12.00
# Visual Studio Version 17
VisualStudioVersion = 17.4.33110.190
MinimumVisualStudioVersion = 10.0.40219.1
Project("{9A19103F-16F7-4668-BE54-9A1E7A4F7556}") = "Exceptions", "20November_ClassTask\Exceptions.csproj", "{92941028-0385-4867-BFD9-6C4E06D9451A}"
EndProject
Project("{9A19103F-16F7-4668-BE54-9A1E7A4F7556}") = "Service", "Service\Service.csproj", "{6F695AC9-6B03-4972-BB78-1D261D2EB497}"
EndProject
Project("{9A19103F-16F7-4668-BE54-9A1E7A4F7556}") = "Domain", "Domain\Domain.csproj", "{68EF49DF-7CD4-4177-9ABE-BC33DF8BF012}"
EndProject
Global
	GlobalSection(SolutionConfigurationPlatforms) = preSolution
		Debug|Any CPU = Debug|Any CPU
		Release|Any CPU = Release|Any CPU
	EndGlobalSection
	GlobalSection(ProjectConfigurationPlatforms) = postSolution
		{92941028-0385-4867-BFD9-6C4E06D9451A}.Debug|Any CPU.ActiveCfg = Debug|Any CPU
		{92941028-0385-4867-BFD9-6C4E06D9451A}.Debug|Any CPU.Build.0 = Debug|Any CPU
		{92941028-0385-4867-BFD9-6C4E06D9451A}.Release|Any CPU.ActiveCfg = Release|Any CPU
		{92941028-0385-4867-BFD9-6C4E06D9451A}.Release|Any CPU.Build.0 = Release|Any CPU
		{6F695AC9-6B03-4972-BB78-1D261D2EB497}.Debug|Any CPU.ActiveCfg = Debug|Any CPU
		{6F695AC9-6B03-4972-BB78-1D261D2EB497}.Debug|Any CPU.Build.0 = Debug|Any CPU
		{6F695AC9-6B03-4972-BB78-1D261D2EB497}.Release|Any CPU.ActiveCfg = Release|Any CPU
		{6F695AC9-6B03-4972-BB78-1D261D2EB497}.Release|Any CPU.Build.0 = Release|Any CPU
		{68EF49DF-7CD4-4177-9ABE-BC33DF8BF012}.Debug|Any CPU.ActiveCfg = Debug|Any CPU
		{68EF49DF-7CD4-4177-9ABE-BC33DF8BF012}.Debug|Any CPU.Build.0 = Debug|Any CPU
		{68EF49DF-7CD4-4177-9ABE-BC33DF8BF012}.Release|Any CPU.ActiveCfg = Release|Any CPU
		{68EF49DF-7CD4-4177-9ABE-BC33DF8BF012}.Release|Any CPU.Build.0 = Release|Any CPU
	EndGlobalSection
	GlobalSection(SolutionProperties) = preSolution
		HideSolutionNode = FALSE
	EndGlobalSection
	GlobalSection(ExtensibilityGlobals) = postSolution
		SolutionGuid = {B193E234-F86D-4294-8009-926D4FF92398}
	EndGlobalSection
EndGlobal
